
Microsoft Visual Studio Solution File, Format Version 12.00
# Visual Studio 15
VisualStudioVersion = 15.0.27428.2043
MinimumVisualStudioVersion = 10.0.40219.1
Project("{9A19103F-16F7-4668-BE54-9A1E7A4F7556}") = "AspNetCoreApp", "AspNetCoreApp\AspNetCoreApp.csproj", "{A96B02FA-6479-4ADE-854F-B5F726AF9B0D}"
EndProject
Project("{9A19103F-16F7-4668-BE54-9A1E7A4F7556}") = "AspNetCoreApp.Tests", "AspNetCoreApp.Tests\AspNetCoreApp.Tests.csproj", "{DAE507CD-2189-435A-8571-B6140A138DA2}"
EndProject
Project("{9A19103F-16F7-4668-BE54-9A1E7A4F7556}") = "AspNetCoreApp.Data", "AspNetCoreApp.Data\AspNetCoreApp.Data.csproj", "{23BF1176-A732-491E-AB89-633A3E95968A}"
EndProject
Project("{9A19103F-16F7-4668-BE54-9A1E7A4F7556}") = "AspNetCoreApp.DomainObjects", "AspNetCoreApp.DomainObjects\AspNetCoreApp.DomainObjects.csproj", "{E1BF713A-A200-4F34-A199-6988B11A42FB}"
EndProject
Project("{FAE04EC0-301F-11D3-BF4B-00C04F79EFBC}") = "AspNetCoreApp.TagHelpers", "AspNetCoreApp.TagHelpers\AspNetCoreApp.TagHelpers.csproj", "{81C4F243-8FDA-442A-9C65-A0FF7EA9E078}"
EndProject
Project("{FAE04EC0-301F-11D3-BF4B-00C04F79EFBC}") = "AspNetCoreApp.Models", "AspNetCoreApp.Models\AspNetCoreApp.Models.csproj", "{55BD999B-44EB-4DE7-8B64-90A64B4030EF}"
EndProject
Global
	GlobalSection(SolutionConfigurationPlatforms) = preSolution
		Debug|Any CPU = Debug|Any CPU
		Release|Any CPU = Release|Any CPU
	EndGlobalSection
	GlobalSection(ProjectConfigurationPlatforms) = postSolution
		{A96B02FA-6479-4ADE-854F-B5F726AF9B0D}.Debug|Any CPU.ActiveCfg = Debug|Any CPU
		{A96B02FA-6479-4ADE-854F-B5F726AF9B0D}.Debug|Any CPU.Build.0 = Debug|Any CPU
		{A96B02FA-6479-4ADE-854F-B5F726AF9B0D}.Release|Any CPU.ActiveCfg = Release|Any CPU
		{A96B02FA-6479-4ADE-854F-B5F726AF9B0D}.Release|Any CPU.Build.0 = Release|Any CPU
		{DAE507CD-2189-435A-8571-B6140A138DA2}.Debug|Any CPU.ActiveCfg = Debug|Any CPU
		{DAE507CD-2189-435A-8571-B6140A138DA2}.Debug|Any CPU.Build.0 = Debug|Any CPU
		{DAE507CD-2189-435A-8571-B6140A138DA2}.Release|Any CPU.ActiveCfg = Release|Any CPU
		{DAE507CD-2189-435A-8571-B6140A138DA2}.Release|Any CPU.Build.0 = Release|Any CPU
		{23BF1176-A732-491E-AB89-633A3E95968A}.Debug|Any CPU.ActiveCfg = Debug|Any CPU
		{23BF1176-A732-491E-AB89-633A3E95968A}.Debug|Any CPU.Build.0 = Debug|Any CPU
		{23BF1176-A732-491E-AB89-633A3E95968A}.Release|Any CPU.ActiveCfg = Release|Any CPU
		{23BF1176-A732-491E-AB89-633A3E95968A}.Release|Any CPU.Build.0 = Release|Any CPU
		{E1BF713A-A200-4F34-A199-6988B11A42FB}.Debug|Any CPU.ActiveCfg = Debug|Any CPU
		{E1BF713A-A200-4F34-A199-6988B11A42FB}.Debug|Any CPU.Build.0 = Debug|Any CPU
		{E1BF713A-A200-4F34-A199-6988B11A42FB}.Release|Any CPU.ActiveCfg = Release|Any CPU
		{E1BF713A-A200-4F34-A199-6988B11A42FB}.Release|Any CPU.Build.0 = Release|Any CPU
		{81C4F243-8FDA-442A-9C65-A0FF7EA9E078}.Debug|Any CPU.ActiveCfg = Debug|Any CPU
		{81C4F243-8FDA-442A-9C65-A0FF7EA9E078}.Debug|Any CPU.Build.0 = Debug|Any CPU
		{81C4F243-8FDA-442A-9C65-A0FF7EA9E078}.Release|Any CPU.ActiveCfg = Release|Any CPU
		{81C4F243-8FDA-442A-9C65-A0FF7EA9E078}.Release|Any CPU.Build.0 = Release|Any CPU
		{55BD999B-44EB-4DE7-8B64-90A64B4030EF}.Debug|Any CPU.ActiveCfg = Debug|Any CPU
		{55BD999B-44EB-4DE7-8B64-90A64B4030EF}.Debug|Any CPU.Build.0 = Debug|Any CPU
		{55BD999B-44EB-4DE7-8B64-90A64B4030EF}.Release|Any CPU.ActiveCfg = Release|Any CPU
		{55BD999B-44EB-4DE7-8B64-90A64B4030EF}.Release|Any CPU.Build.0 = Release|Any CPU
	EndGlobalSection
	GlobalSection(SolutionProperties) = preSolution
		HideSolutionNode = FALSE
	EndGlobalSection
	GlobalSection(ExtensibilityGlobals) = postSolution
		SolutionGuid = {4B65DEBA-F946-48F6-90E5-06652460723C}
	EndGlobalSection
EndGlobal
